
Microsoft Visual Studio Solution File, Format Version 12.00
# Visual Studio Version 17
VisualStudioVersion = 17.4.33403.182
MinimumVisualStudioVersion = 10.0.40219.1
Project("{FAE04EC0-301F-11D3-BF4B-00C04F79EFBC}") = "exam", "exam\exam.csproj", "{8BEC43B6-2A08-432D-BB77-477FB07AB3CF}"
EndProject
Global
	GlobalSection(SolutionConfigurationPlatforms) = preSolution
		Debug|Any CPU = Debug|Any CPU
		Release|Any CPU = Release|Any CPU
	EndGlobalSection
	GlobalSection(ProjectConfigurationPlatforms) = postSolution
		{8BEC43B6-2A08-432D-BB77-477FB07AB3CF}.Debug|Any CPU.ActiveCfg = Debug|Any CPU
		{8BEC43B6-2A08-432D-BB77-477FB07AB3CF}.Debug|Any CPU.Build.0 = Debug|Any CPU
		{8BEC43B6-2A08-432D-BB77-477FB07AB3CF}.Release|Any CPU.ActiveCfg = Release|Any CPU
		{8BEC43B6-2A08-432D-BB77-477FB07AB3CF}.Release|Any CPU.Build.0 = Release|Any CPU
	EndGlobalSection
	GlobalSection(SolutionProperties) = preSolution
		HideSolutionNode = FALSE
	EndGlobalSection
	GlobalSection(ExtensibilityGlobals) = postSolution
		SolutionGuid = {461124A4-7DA5-4EC4-9EED-FE25ADE3CE26}
	EndGlobalSection
EndGlobal
